
Microsoft Visual Studio Solution File, Format Version 12.00
# Visual Studio Version 16
VisualStudioVersion = 16.0.30621.155
MinimumVisualStudioVersion = 10.0.40219.1
Project("{FAE04EC0-301F-11D3-BF4B-00C04F79EFBC}") = "DLWMS_Demo", "DLWMS_Demo.csproj", "{776A4324-0CC8-4C7F-A62B-8115F4868047}"
EndProject
Global
	GlobalSection(SolutionConfigurationPlatforms) = preSolution
		Debug|Any CPU = Debug|Any CPU
		Release|Any CPU = Release|Any CPU
	EndGlobalSection
	GlobalSection(ProjectConfigurationPlatforms) = postSolution
		{776A4324-0CC8-4C7F-A62B-8115F4868047}.Debug|Any CPU.ActiveCfg = Release|Any CPU
		{776A4324-0CC8-4C7F-A62B-8115F4868047}.Debug|Any CPU.Build.0 = Release|Any CPU
		{776A4324-0CC8-4C7F-A62B-8115F4868047}.Release|Any CPU.ActiveCfg = Release|Any CPU
		{776A4324-0CC8-4C7F-A62B-8115F4868047}.Release|Any CPU.Build.0 = Release|Any CPU
	EndGlobalSection
	GlobalSection(SolutionProperties) = preSolution
		HideSolutionNode = FALSE
	EndGlobalSection
	GlobalSection(ExtensibilityGlobals) = postSolution
		SolutionGuid = {11145FEA-55E9-4421-88FE-FF7B68009E48}
	EndGlobalSection
EndGlobal
